
Microsoft Visual Studio Solution File, Format Version 12.00
# Visual Studio Version 17
VisualStudioVersion = 17.4.33403.182
MinimumVisualStudioVersion = 10.0.40219.1
Project("{FAE04EC0-301F-11D3-BF4B-00C04F79EFBC}") = "StudentAdminPortal.API", "StudentAdminPortal.API\StudentAdminPortal.API.csproj", "{80B55075-AE98-4A01-B774-F0634E50BF0B}"
EndProject
Global
	GlobalSection(SolutionConfigurationPlatforms) = preSolution
		Debug|Any CPU = Debug|Any CPU
		Release|Any CPU = Release|Any CPU
	EndGlobalSection
	GlobalSection(ProjectConfigurationPlatforms) = postSolution
		{80B55075-AE98-4A01-B774-F0634E50BF0B}.Debug|Any CPU.ActiveCfg = Debug|Any CPU
		{80B55075-AE98-4A01-B774-F0634E50BF0B}.Debug|Any CPU.Build.0 = Debug|Any CPU
		{80B55075-AE98-4A01-B774-F0634E50BF0B}.Release|Any CPU.ActiveCfg = Release|Any CPU
		{80B55075-AE98-4A01-B774-F0634E50BF0B}.Release|Any CPU.Build.0 = Release|Any CPU
	EndGlobalSection
	GlobalSection(SolutionProperties) = preSolution
		HideSolutionNode = FALSE
	EndGlobalSection
	GlobalSection(ExtensibilityGlobals) = postSolution
		SolutionGuid = {D25F8FDE-26F1-43B3-9C0B-580D7EF80719}
	EndGlobalSection
EndGlobal
